
Microsoft Visual Studio Solution File, Format Version 12.00
Project("{FAE04EC0-301F-11D3-BF4B-00C04F79EFBC}") = "Scheduler", "Scheduler\Scheduler.csproj", "{1BD6F630-E53C-4279-8886-70AA3EE93366}"
EndProject
Global
	GlobalSection(SolutionConfigurationPlatforms) = preSolution
		Debug|Any CPU = Debug|Any CPU
		Release|Any CPU = Release|Any CPU
	EndGlobalSection
	GlobalSection(ProjectConfigurationPlatforms) = postSolution
		{1BD6F630-E53C-4279-8886-70AA3EE93366}.Debug|Any CPU.ActiveCfg = Debug|Any CPU
		{1BD6F630-E53C-4279-8886-70AA3EE93366}.Debug|Any CPU.Build.0 = Debug|Any CPU
		{1BD6F630-E53C-4279-8886-70AA3EE93366}.Release|Any CPU.ActiveCfg = Release|Any CPU
		{1BD6F630-E53C-4279-8886-70AA3EE93366}.Release|Any CPU.Build.0 = Release|Any CPU
	EndGlobalSection
EndGlobal
